
Microsoft Visual Studio Solution File, Format Version 12.00
# Visual Studio Version 16
VisualStudioVersion = 16.0.30413.136
MinimumVisualStudioVersion = 10.0.40219.1
Project("{FAE04EC0-301F-11D3-BF4B-00C04F79EFBC}") = "p01", "p01\p01.csproj", "{ED77D3B7-863F-47B7-9352-A34E8807CDC7}"
EndProject
Project("{FAE04EC0-301F-11D3-BF4B-00C04F79EFBC}") = "p02", "p02\p02.csproj", "{DF59BF20-B1F6-4BD4-A504-244C79845D75}"
EndProject
Project("{FAE04EC0-301F-11D3-BF4B-00C04F79EFBC}") = "p03", "p03\p03.csproj", "{612A19B6-A7DD-47B2-A1A8-6EAB50D479C0}"
EndProject
Project("{FAE04EC0-301F-11D3-BF4B-00C04F79EFBC}") = "p04", "p04\p04.csproj", "{65C459F2-DCCE-40DA-9215-DCA29663529F}"
EndProject
Project("{FAE04EC0-301F-11D3-BF4B-00C04F79EFBC}") = "p05", "p05\p05.csproj", "{6B66BD2C-D10E-44AB-A4C8-CB1C686EDAB6}"
EndProject
Project("{FAE04EC0-301F-11D3-BF4B-00C04F79EFBC}") = "p06", "p06\p06.csproj", "{F5A0AA0F-7E73-422F-9669-4B87AEAE5249}"
EndProject
Project("{FAE04EC0-301F-11D3-BF4B-00C04F79EFBC}") = "p07", "p07\p07.csproj", "{6E16F932-3E95-4340-A794-D10B7A22F2C1}"
EndProject
Global
	GlobalSection(SolutionConfigurationPlatforms) = preSolution
		Debug|Any CPU = Debug|Any CPU
		Release|Any CPU = Release|Any CPU
	EndGlobalSection
	GlobalSection(ProjectConfigurationPlatforms) = postSolution
		{ED77D3B7-863F-47B7-9352-A34E8807CDC7}.Debug|Any CPU.ActiveCfg = Debug|Any CPU
		{ED77D3B7-863F-47B7-9352-A34E8807CDC7}.Debug|Any CPU.Build.0 = Debug|Any CPU
		{ED77D3B7-863F-47B7-9352-A34E8807CDC7}.Release|Any CPU.ActiveCfg = Release|Any CPU
		{ED77D3B7-863F-47B7-9352-A34E8807CDC7}.Release|Any CPU.Build.0 = Release|Any CPU
		{DF59BF20-B1F6-4BD4-A504-244C79845D75}.Debug|Any CPU.ActiveCfg = Debug|Any CPU
		{DF59BF20-B1F6-4BD4-A504-244C79845D75}.Debug|Any CPU.Build.0 = Debug|Any CPU
		{DF59BF20-B1F6-4BD4-A504-244C79845D75}.Release|Any CPU.ActiveCfg = Release|Any CPU
		{DF59BF20-B1F6-4BD4-A504-244C79845D75}.Release|Any CPU.Build.0 = Release|Any CPU
		{612A19B6-A7DD-47B2-A1A8-6EAB50D479C0}.Debug|Any CPU.ActiveCfg = Debug|Any CPU
		{612A19B6-A7DD-47B2-A1A8-6EAB50D479C0}.Debug|Any CPU.Build.0 = Debug|Any CPU
		{612A19B6-A7DD-47B2-A1A8-6EAB50D479C0}.Release|Any CPU.ActiveCfg = Release|Any CPU
		{612A19B6-A7DD-47B2-A1A8-6EAB50D479C0}.Release|Any CPU.Build.0 = Release|Any CPU
		{65C459F2-DCCE-40DA-9215-DCA29663529F}.Debug|Any CPU.ActiveCfg = Debug|Any CPU
		{65C459F2-DCCE-40DA-9215-DCA29663529F}.Debug|Any CPU.Build.0 = Debug|Any CPU
		{65C459F2-DCCE-40DA-9215-DCA29663529F}.Release|Any CPU.ActiveCfg = Release|Any CPU
		{65C459F2-DCCE-40DA-9215-DCA29663529F}.Release|Any CPU.Build.0 = Release|Any CPU
		{6B66BD2C-D10E-44AB-A4C8-CB1C686EDAB6}.Debug|Any CPU.ActiveCfg = Debug|Any CPU
		{6B66BD2C-D10E-44AB-A4C8-CB1C686EDAB6}.Debug|Any CPU.Build.0 = Debug|Any CPU
		{6B66BD2C-D10E-44AB-A4C8-CB1C686EDAB6}.Release|Any CPU.ActiveCfg = Release|Any CPU
		{6B66BD2C-D10E-44AB-A4C8-CB1C686EDAB6}.Release|Any CPU.Build.0 = Release|Any CPU
		{F5A0AA0F-7E73-422F-9669-4B87AEAE5249}.Debug|Any CPU.ActiveCfg = Debug|Any CPU
		{F5A0AA0F-7E73-422F-9669-4B87AEAE5249}.Debug|Any CPU.Build.0 = Debug|Any CPU
		{F5A0AA0F-7E73-422F-9669-4B87AEAE5249}.Release|Any CPU.ActiveCfg = Release|Any CPU
		{F5A0AA0F-7E73-422F-9669-4B87AEAE5249}.Release|Any CPU.Build.0 = Release|Any CPU
		{6E16F932-3E95-4340-A794-D10B7A22F2C1}.Debug|Any CPU.ActiveCfg = Debug|Any CPU
		{6E16F932-3E95-4340-A794-D10B7A22F2C1}.Debug|Any CPU.Build.0 = Debug|Any CPU
		{6E16F932-3E95-4340-A794-D10B7A22F2C1}.Release|Any CPU.ActiveCfg = Release|Any CPU
		{6E16F932-3E95-4340-A794-D10B7A22F2C1}.Release|Any CPU.Build.0 = Release|Any CPU
	EndGlobalSection
	GlobalSection(SolutionProperties) = preSolution
		HideSolutionNode = FALSE
	EndGlobalSection
	GlobalSection(ExtensibilityGlobals) = postSolution
		SolutionGuid = {4A3E21D1-65F4-4D37-99EF-71D637886457}
	EndGlobalSection
EndGlobal
